// !$*UTF8*$!
{
	archiveVersion = 1;
	classes = {
	};
	objectVersion = 46;
	objects = {

/* Begin PBXBuildFile section */
		113F91AC1EA036F0003FB0C0 /* voteButton.m in Sources */ = {isa = PBXBuildFile; fileRef = 113F91AB1EA036F0003FB0C0 /* voteButton.m */; };
		113F91AF1EA180FA003FB0C0 /* DDBattleInfo.m in Sources */ = {isa = PBXBuildFile; fileRef = 113F91AE1EA180FA003FB0C0 /* DDBattleInfo.m */; };
		11952DB91E9D8EF700D82608 /* userButton.m in Sources */ = {isa = PBXBuildFile; fileRef = 11952DB81E9D8EF700D82608 /* userButton.m */; };
		11952DBD1E9D900300D82608 /* userProfileTableViewController.m in Sources */ = {isa = PBXBuildFile; fileRef = 11952DBC1E9D900300D82608 /* userProfileTableViewController.m */; };
		119B5AFF1EA1F4EF00A8BEBF /* startCaptureTableViewController.m in Sources */ = {isa = PBXBuildFile; fileRef = 119B5AFE1EA1F4EF00A8BEBF /* startCaptureTableViewController.m */; };
		119B5B081EA2004200A8BEBF /* sharedSingleton.m in Sources */ = {isa = PBXBuildFile; fileRef = 119B5B061EA2004200A8BEBF /* sharedSingleton.m */; };
		11A8F1C21E9C3353009B7BD4 /* main.m in Sources */ = {isa = PBXBuildFile; fileRef = 11A8F1C11E9C3353009B7BD4 /* main.m */; };
		11A8F1C51E9C3353009B7BD4 /* AppDelegate.m in Sources */ = {isa = PBXBuildFile; fileRef = 11A8F1C41E9C3353009B7BD4 /* AppDelegate.m */; };
		11A8F1C81E9C3353009B7BD4 /* FirstViewController.m in Sources */ = {isa = PBXBuildFile; fileRef = 11A8F1C71E9C3353009B7BD4 /* FirstViewController.m */; };
		11A8F1CB1E9C3353009B7BD4 /* SecondViewController.m in Sources */ = {isa = PBXBuildFile; fileRef = 11A8F1CA1E9C3353009B7BD4 /* SecondViewController.m */; };
		11A8F1CE1E9C3353009B7BD4 /* Main.storyboard in Resources */ = {isa = PBXBuildFile; fileRef = 11A8F1CC1E9C3353009B7BD4 /* Main.storyboard */; };
		11A8F1D01E9C3353009B7BD4 /* Assets.xcassets in Resources */ = {isa = PBXBuildFile; fileRef = 11A8F1CF1E9C3353009B7BD4 /* Assets.xcassets */; };
		11A8F1D31E9C3353009B7BD4 /* LaunchScreen.storyboard in Resources */ = {isa = PBXBuildFile; fileRef = 11A8F1D11E9C3353009B7BD4 /* LaunchScreen.storyboard */; };
		11A8F1DC1E9C34B2009B7BD4 /* BattleFeedTableViewController.m in Sources */ = {isa = PBXBuildFile; fileRef = 11A8F1DB1E9C34B2009B7BD4 /* BattleFeedTableViewController.m */; };
		11A8F1E21E9C38D4009B7BD4 /* maiTabViewController.m in Sources */ = {isa = PBXBuildFile; fileRef = 11A8F1E11E9C38D4009B7BD4 /* maiTabViewController.m */; };
		11A8F1E51E9C38EB009B7BD4 /* profileTableViewController.m in Sources */ = {isa = PBXBuildFile; fileRef = 11A8F1E41E9C38EB009B7BD4 /* profileTableViewController.m */; };
		2435DF72E3B9AFAE8F3E7458 /* libPods-doudouapp.a in Frameworks */ = {isa = PBXBuildFile; fileRef = 56CCEE3C108B558951BADC1B /* libPods-doudouapp.a */; };
/* End PBXBuildFile section */

/* Begin PBXFileReference section */
		113F91AA1EA036F0003FB0C0 /* voteButton.h */ = {isa = PBXFileReference; fileEncoding = 4; lastKnownFileType = sourcecode.c.h; path = voteButton.h; sourceTree = "<group>"; };
		113F91AB1EA036F0003FB0C0 /* voteButton.m */ = {isa = PBXFileReference; fileEncoding = 4; lastKnownFileType = sourcecode.c.objc; path = voteButton.m; sourceTree = "<group>"; };
		113F91AD1EA180FA003FB0C0 /* DDBattleInfo.h */ = {isa = PBXFileReference; fileEncoding = 4; lastKnownFileType = sourcecode.c.h; path = DDBattleInfo.h; sourceTree = "<group>"; };
		113F91AE1EA180FA003FB0C0 /* DDBattleInfo.m */ = {isa = PBXFileReference; fileEncoding = 4; lastKnownFileType = sourcecode.c.objc; path = DDBattleInfo.m; sourceTree = "<group>"; };
		11952DB81E9D8EF700D82608 /* userButton.m */ = {isa = PBXFileReference; fileEncoding = 4; lastKnownFileType = sourcecode.c.objc; path = userButton.m; sourceTree = "<group>"; };
		11952DBA1E9D8F0400D82608 /* userButton.h */ = {isa = PBXFileReference; lastKnownFileType = sourcecode.c.h; path = userButton.h; sourceTree = "<group>"; };
		11952DBB1E9D900300D82608 /* userProfileTableViewController.h */ = {isa = PBXFileReference; fileEncoding = 4; lastKnownFileType = sourcecode.c.h; path = userProfileTableViewController.h; sourceTree = "<group>"; };
		11952DBC1E9D900300D82608 /* userProfileTableViewController.m */ = {isa = PBXFileReference; fileEncoding = 4; lastKnownFileType = sourcecode.c.objc; path = userProfileTableViewController.m; sourceTree = "<group>"; };
		119B5AFD1EA1F4EF00A8BEBF /* startCaptureTableViewController.h */ = {isa = PBXFileReference; fileEncoding = 4; lastKnownFileType = sourcecode.c.h; path = startCaptureTableViewController.h; sourceTree = "<group>"; };
		119B5AFE1EA1F4EF00A8BEBF /* startCaptureTableViewController.m */ = {isa = PBXFileReference; fileEncoding = 4; lastKnownFileType = sourcecode.c.objc; path = startCaptureTableViewController.m; sourceTree = "<group>"; };
		119B5B061EA2004200A8BEBF /* sharedSingleton.m */ = {isa = PBXFileReference; fileEncoding = 4; lastKnownFileType = sourcecode.c.objc; path = sharedSingleton.m; sourceTree = "<group>"; };
		119B5B071EA2004200A8BEBF /* sharedSingleton.h */ = {isa = PBXFileReference; fileEncoding = 4; lastKnownFileType = sourcecode.c.h; path = sharedSingleton.h; sourceTree = "<group>"; };
		11A8F1BD1E9C3353009B7BD4 /* doudouapp.app */ = {isa = PBXFileReference; explicitFileType = wrapper.application; includeInIndex = 0; path = doudouapp.app; sourceTree = BUILT_PRODUCTS_DIR; };
		11A8F1C11E9C3353009B7BD4 /* main.m */ = {isa = PBXFileReference; lastKnownFileType = sourcecode.c.objc; path = main.m; sourceTree = "<group>"; };
		11A8F1C31E9C3353009B7BD4 /* AppDelegate.h */ = {isa = PBXFileReference; lastKnownFileType = sourcecode.c.h; path = AppDelegate.h; sourceTree = "<group>"; };
		11A8F1C41E9C3353009B7BD4 /* AppDelegate.m */ = {isa = PBXFileReference; lastKnownFileType = sourcecode.c.objc; path = AppDelegate.m; sourceTree = "<group>"; };
		11A8F1C61E9C3353009B7BD4 /* FirstViewController.h */ = {isa = PBXFileReference; lastKnownFileType = sourcecode.c.h; path = FirstViewController.h; sourceTree = "<group>"; };
		11A8F1C71E9C3353009B7BD4 /* FirstViewController.m */ = {isa = PBXFileReference; lastKnownFileType = sourcecode.c.objc; path = FirstViewController.m; sourceTree = "<group>"; };
		11A8F1C91E9C3353009B7BD4 /* SecondViewController.h */ = {isa = PBXFileReference; lastKnownFileType = sourcecode.c.h; path = SecondViewController.h; sourceTree = "<group>"; };
		11A8F1CA1E9C3353009B7BD4 /* SecondViewController.m */ = {isa = PBXFileReference; lastKnownFileType = sourcecode.c.objc; path = SecondViewController.m; sourceTree = "<group>"; };
		11A8F1CD1E9C3353009B7BD4 /* Base */ = {isa = PBXFileReference; lastKnownFileType = file.storyboard; name = Base; path = Base.lproj/Main.storyboard; sourceTree = "<group>"; };
		11A8F1CF1E9C3353009B7BD4 /* Assets.xcassets */ = {isa = PBXFileReference; lastKnownFileType = folder.assetcatalog; path = Assets.xcassets; sourceTree = "<group>"; };
		11A8F1D21E9C3353009B7BD4 /* Base */ = {isa = PBXFileReference; lastKnownFileType = file.storyboard; name = Base; path = Base.lproj/LaunchScreen.storyboard; sourceTree = "<group>"; };
		11A8F1D41E9C3353009B7BD4 /* Info.plist */ = {isa = PBXFileReference; lastKnownFileType = text.plist.xml; path = Info.plist; sourceTree = "<group>"; };
		11A8F1DA1E9C34B2009B7BD4 /* BattleFeedTableViewController.h */ = {isa = PBXFileReference; fileEncoding = 4; lastKnownFileType = sourcecode.c.h; path = BattleFeedTableViewController.h; sourceTree = "<group>"; };
		11A8F1DB1E9C34B2009B7BD4 /* BattleFeedTableViewController.m */ = {isa = PBXFileReference; fileEncoding = 4; lastKnownFileType = sourcecode.c.objc; path = BattleFeedTableViewController.m; sourceTree = "<group>"; };
		11A8F1E01E9C38D4009B7BD4 /* maiTabViewController.h */ = {isa = PBXFileReference; fileEncoding = 4; lastKnownFileType = sourcecode.c.h; path = maiTabViewController.h; sourceTree = "<group>"; };
		11A8F1E11E9C38D4009B7BD4 /* maiTabViewController.m */ = {isa = PBXFileReference; fileEncoding = 4; lastKnownFileType = sourcecode.c.objc; path = maiTabViewController.m; sourceTree = "<group>"; };
		11A8F1E31E9C38EB009B7BD4 /* profileTableViewController.h */ = {isa = PBXFileReference; fileEncoding = 4; lastKnownFileType = sourcecode.c.h; path = profileTableViewController.h; sourceTree = "<group>"; };
		11A8F1E41E9C38EB009B7BD4 /* profileTableViewController.m */ = {isa = PBXFileReference; fileEncoding = 4; lastKnownFileType = sourcecode.c.objc; path = profileTableViewController.m; sourceTree = "<group>"; };
		56CCEE3C108B558951BADC1B /* libPods-doudouapp.a */ = {isa = PBXFileReference; explicitFileType = archive.ar; includeInIndex = 0; path = "libPods-doudouapp.a"; sourceTree = BUILT_PRODUCTS_DIR; };
		844C87F6D5F113ABD486E6D4 /* Pods-doudouapp.release.xcconfig */ = {isa = PBXFileReference; includeInIndex = 1; lastKnownFileType = text.xcconfig; name = "Pods-doudouapp.release.xcconfig"; path = "Pods/Target Support Files/Pods-doudouapp/Pods-doudouapp.release.xcconfig"; sourceTree = "<group>"; };
		984C6CB161579CBCB24F5BE0 /* Pods-doudouapp.debug.xcconfig */ = {isa = PBXFileReference; includeInIndex = 1; lastKnownFileType = text.xcconfig; name = "Pods-doudouapp.debug.xcconfig"; path = "Pods/Target Support Files/Pods-doudouapp/Pods-doudouapp.debug.xcconfig"; sourceTree = "<group>"; };
/* End PBXFileReference section */

/* Begin PBXFrameworksBuildPhase section */
		11A8F1BA1E9C3353009B7BD4 /* Frameworks */ = {
			isa = PBXFrameworksBuildPhase;
			buildActionMask = 2147483647;
			files = (
				2435DF72E3B9AFAE8F3E7458 /* libPods-doudouapp.a in Frameworks */,
			);
			runOnlyForDeploymentPostprocessing = 0;
		};
/* End PBXFrameworksBuildPhase section */

/* Begin PBXGroup section */
		119B5B091EA2035100A8BEBF /* basic */ = {
			isa = PBXGroup;
			children = (
			);
			name = basic;
			sourceTree = "<group>";
		};
		11A8F1B41E9C3353009B7BD4 = {
			isa = PBXGroup;
			children = (
				11A8F1BF1E9C3353009B7BD4 /* doudouapp */,
				11A8F1BE1E9C3353009B7BD4 /* Products */,
				1D9DF216CFEE6AF4180AC464 /* Pods */,
				5F0135C893381563D06BC26C /* Frameworks */,
			);
			sourceTree = "<group>";
		};
		11A8F1BE1E9C3353009B7BD4 /* Products */ = {
			isa = PBXGroup;
			children = (
				11A8F1BD1E9C3353009B7BD4 /* doudouapp.app */,
			);
			name = Products;
			sourceTree = "<group>";
		};
		11A8F1BF1E9C3353009B7BD4 /* doudouapp */ = {
			isa = PBXGroup;
			children = (
				119B5B091EA2035100A8BEBF /* basic */,
				119B5B061EA2004200A8BEBF /* sharedSingleton.m */,
				119B5B071EA2004200A8BEBF /* sharedSingleton.h */,
				11A8F1C31E9C3353009B7BD4 /* AppDelegate.h */,
				11A8F1C41E9C3353009B7BD4 /* AppDelegate.m */,
				11A8F1C61E9C3353009B7BD4 /* FirstViewController.h */,
				11A8F1C71E9C3353009B7BD4 /* FirstViewController.m */,
				11A8F1DA1E9C34B2009B7BD4 /* BattleFeedTableViewController.h */,
				11A8F1DB1E9C34B2009B7BD4 /* BattleFeedTableViewController.m */,
				119B5AFD1EA1F4EF00A8BEBF /* startCaptureTableViewController.h */,
				119B5AFE1EA1F4EF00A8BEBF /* startCaptureTableViewController.m */,
				113F91AD1EA180FA003FB0C0 /* DDBattleInfo.h */,
				113F91AE1EA180FA003FB0C0 /* DDBattleInfo.m */,
				11952DB81E9D8EF700D82608 /* userButton.m */,
				11952DBA1E9D8F0400D82608 /* userButton.h */,
				11952DBB1E9D900300D82608 /* userProfileTableViewController.h */,
				113F91AA1EA036F0003FB0C0 /* voteButton.h */,
				113F91AB1EA036F0003FB0C0 /* voteButton.m */,
				11952DBC1E9D900300D82608 /* userProfileTableViewController.m */,
				11A8F1E01E9C38D4009B7BD4 /* maiTabViewController.h */,
				11A8F1E11E9C38D4009B7BD4 /* maiTabViewController.m */,
				11A8F1E31E9C38EB009B7BD4 /* profileTableViewController.h */,
				11A8F1E41E9C38EB009B7BD4 /* profileTableViewController.m */,
				11A8F1C91E9C3353009B7BD4 /* SecondViewController.h */,
				11A8F1CA1E9C3353009B7BD4 /* SecondViewController.m */,
				11A8F1CC1E9C3353009B7BD4 /* Main.storyboard */,
				11A8F1CF1E9C3353009B7BD4 /* Assets.xcassets */,
				11A8F1D11E9C3353009B7BD4 /* LaunchScreen.storyboard */,
				11A8F1D41E9C3353009B7BD4 /* Info.plist */,
				11A8F1C01E9C3353009B7BD4 /* Supporting Files */,
			);
			path = doudouapp;
			sourceTree = "<group>";
		};
		11A8F1C01E9C3353009B7BD4 /* Supporting Files */ = {
			isa = PBXGroup;
			children = (
				11A8F1C11E9C3353009B7BD4 /* main.m */,
			);
			name = "Supporting Files";
			sourceTree = "<group>";
		};
		1D9DF216CFEE6AF4180AC464 /* Pods */ = {
			isa = PBXGroup;
			children = (
				984C6CB161579CBCB24F5BE0 /* Pods-doudouapp.debug.xcconfig */,
				844C87F6D5F113ABD486E6D4 /* Pods-doudouapp.release.xcconfig */,
			);
			name = Pods;
			sourceTree = "<group>";
		};
		5F0135C893381563D06BC26C /* Frameworks */ = {
			isa = PBXGroup;
			children = (
				56CCEE3C108B558951BADC1B /* libPods-doudouapp.a */,
			);
			name = Frameworks;
			sourceTree = "<group>";
		};
/* End PBXGroup section */

/* Begin PBXNativeTarget section */
		11A8F1BC1E9C3353009B7BD4 /* doudouapp */ = {
			isa = PBXNativeTarget;
			buildConfigurationList = 11A8F1D71E9C3353009B7BD4 /* Build configuration list for PBXNativeTarget "doudouapp" */;
			buildPhases = (
				1B7B076952189A3B1A0E7712 /* [CP] Check Pods Manifest.lock */,
				11A8F1B91E9C3353009B7BD4 /* Sources */,
				11A8F1BA1E9C3353009B7BD4 /* Frameworks */,
				11A8F1BB1E9C3353009B7BD4 /* Resources */,
				D530986431848F0B83877ABA /* [CP] Embed Pods Frameworks */,
				FF5153176B954F9653C521E5 /* [CP] Copy Pods Resources */,
			);
			buildRules = (
			);
			dependencies = (
			);
			name = doudouapp;
			productName = doudouapp;
			productReference = 11A8F1BD1E9C3353009B7BD4 /* doudouapp.app */;
			productType = "com.apple.product-type.application";
		};
/* End PBXNativeTarget section */

/* Begin PBXProject section */
		11A8F1B51E9C3353009B7BD4 /* Project object */ = {
			isa = PBXProject;
			attributes = {
				LastUpgradeCheck = 0830;
				ORGANIZATIONNAME = "doudouapp llc";
				TargetAttributes = {
					11A8F1BC1E9C3353009B7BD4 = {
						CreatedOnToolsVersion = 8.3;
						DevelopmentTeam = 29T9RVU57K;
						ProvisioningStyle = Automatic;
					};
				};
			};
			buildConfigurationList = 11A8F1B81E9C3353009B7BD4 /* Build configuration list for PBXProject "doudouapp" */;
			compatibilityVersion = "Xcode 3.2";
			developmentRegion = English;
			hasScannedForEncodings = 0;
			knownRegions = (
				en,
				Base,
			);
			mainGroup = 11A8F1B41E9C3353009B7BD4;
			productRefGroup = 11A8F1BE1E9C3353009B7BD4 /* Products */;
			projectDirPath = "";
			projectRoot = "";
			targets = (
				11A8F1BC1E9C3353009B7BD4 /* doudouapp */,
			);
		};
/* End PBXProject section */

/* Begin PBXResourcesBuildPhase section */
		11A8F1BB1E9C3353009B7BD4 /* Resources */ = {
			isa = PBXResourcesBuildPhase;
			buildActionMask = 2147483647;
			files = (
				11A8F1D31E9C3353009B7BD4 /* LaunchScreen.storyboard in Resources */,
				11A8F1D01E9C3353009B7BD4 /* Assets.xcassets in Resources */,
				11A8F1CE1E9C3353009B7BD4 /* Main.storyboard in Resources */,
			);
			runOnlyForDeploymentPostprocessing = 0;
		};
/* End PBXResourcesBuildPhase section */

/* Begin PBXShellScriptBuildPhase section */
		1B7B076952189A3B1A0E7712 /* [CP] Check Pods Manifest.lock */ = {
			isa = PBXShellScriptBuildPhase;
			buildActionMask = 2147483647;
			files = (
			);
			inputPaths = (
			);
			name = "[CP] Check Pods Manifest.lock";
			outputPaths = (
			);
			runOnlyForDeploymentPostprocessing = 0;
			shellPath = /bin/sh;
			shellScript = "diff \"${PODS_ROOT}/../Podfile.lock\" \"${PODS_ROOT}/Manifest.lock\" > /dev/null\nif [ $? != 0 ] ; then\n    # print error to STDERR\n    echo \"error: The sandbox is not in sync with the Podfile.lock. Run 'pod install' or update your CocoaPods installation.\" >&2\n    exit 1\nfi\n";
			showEnvVarsInLog = 0;
		};
		D530986431848F0B83877ABA /* [CP] Embed Pods Frameworks */ = {
			isa = PBXShellScriptBuildPhase;
			buildActionMask = 2147483647;
			files = (
			);
			inputPaths = (
			);
			name = "[CP] Embed Pods Frameworks";
			outputPaths = (
			);
			runOnlyForDeploymentPostprocessing = 0;
			shellPath = /bin/sh;
			shellScript = "\"${SRCROOT}/Pods/Target Support Files/Pods-doudouapp/Pods-doudouapp-frameworks.sh\"\n";
			showEnvVarsInLog = 0;
		};
		FF5153176B954F9653C521E5 /* [CP] Copy Pods Resources */ = {
			isa = PBXShellScriptBuildPhase;
			buildActionMask = 2147483647;
			files = (
			);
			inputPaths = (
			);
			name = "[CP] Copy Pods Resources";
			outputPaths = (
			);
			runOnlyForDeploymentPostprocessing = 0;
			shellPath = /bin/sh;
			shellScript = "\"${SRCROOT}/Pods/Target Support Files/Pods-doudouapp/Pods-doudouapp-resources.sh\"\n";
			showEnvVarsInLog = 0;
		};
/* End PBXShellScriptBuildPhase section */

/* Begin PBXSourcesBuildPhase section */
		11A8F1B91E9C3353009B7BD4 /* Sources */ = {
			isa = PBXSourcesBuildPhase;
			buildActionMask = 2147483647;
			files = (
				11A8F1CB1E9C3353009B7BD4 /* SecondViewController.m in Sources */,
				113F91AC1EA036F0003FB0C0 /* voteButton.m in Sources */,
				11A8F1C51E9C3353009B7BD4 /* AppDelegate.m in Sources */,
				11952DB91E9D8EF700D82608 /* userButton.m in Sources */,
				11A8F1E51E9C38EB009B7BD4 /* profileTableViewController.m in Sources */,
				113F91AF1EA180FA003FB0C0 /* DDBattleInfo.m in Sources */,
				11A8F1E21E9C38D4009B7BD4 /* maiTabViewController.m in Sources */,
				11A8F1DC1E9C34B2009B7BD4 /* BattleFeedTableViewController.m in Sources */,
				119B5B081EA2004200A8BEBF /* sharedSingleton.m in Sources */,
				11A8F1C81E9C3353009B7BD4 /* FirstViewController.m in Sources */,
				11A8F1C21E9C3353009B7BD4 /* main.m in Sources */,
				11952DBD1E9D900300D82608 /* userProfileTableViewController.m in Sources */,
				119B5AFF1EA1F4EF00A8BEBF /* startCaptureTableViewController.m in Sources */,
			);
			runOnlyForDeploymentPostprocessing = 0;
		};
/* End PBXSourcesBuildPhase section */

/* Begin PBXVariantGroup section */
		11A8F1CC1E9C3353009B7BD4 /* Main.storyboard */ = {
			isa = PBXVariantGroup;
			children = (
				11A8F1CD1E9C3353009B7BD4 /* Base */,
			);
			name = Main.storyboard;
			sourceTree = "<group>";
		};
		11A8F1D11E9C3353009B7BD4 /* LaunchScreen.storyboard */ = {
			isa = PBXVariantGroup;
			children = (
				11A8F1D21E9C3353009B7BD4 /* Base */,
			);
			name = LaunchScreen.storyboard;
			sourceTree = "<group>";
		};
/* End PBXVariantGroup section */

/* Begin XCBuildConfiguration section */
		11A8F1D51E9C3353009B7BD4 /* Debug */ = {
			isa = XCBuildConfiguration;
			buildSettings = {
				ALWAYS_SEARCH_USER_PATHS = NO;
				CLANG_ANALYZER_NONNULL = YES;
				CLANG_ANALYZER_NUMBER_OBJECT_CONVERSION = YES_AGGRESSIVE;
				CLANG_CXX_LANGUAGE_STANDARD = "gnu++0x";
				CLANG_CXX_LIBRARY = "libc++";
				CLANG_ENABLE_MODULES = YES;
				CLANG_ENABLE_OBJC_ARC = YES;
				CLANG_WARN_BOOL_CONVERSION = YES;
				CLANG_WARN_CONSTANT_CONVERSION = YES;
				CLANG_WARN_DIRECT_OBJC_ISA_USAGE = YES_ERROR;
				CLANG_WARN_DOCUMENTATION_COMMENTS = YES;
				CLANG_WARN_EMPTY_BODY = YES;
				CLANG_WARN_ENUM_CONVERSION = YES;
				CLANG_WARN_INFINITE_RECURSION = YES;
				CLANG_WARN_INT_CONVERSION = YES;
				CLANG_WARN_OBJC_ROOT_CLASS = YES_ERROR;
				CLANG_WARN_SUSPICIOUS_MOVE = YES;
				CLANG_WARN_UNREACHABLE_CODE = YES;
				CLANG_WARN__DUPLICATE_METHOD_MATCH = YES;
				"CODE_SIGN_IDENTITY[sdk=iphoneos*]" = "iPhone Developer";
				COPY_PHASE_STRIP = NO;
				DEBUG_INFORMATION_FORMAT = dwarf;
				ENABLE_STRICT_OBJC_MSGSEND = YES;
				ENABLE_TESTABILITY = YES;
				GCC_C_LANGUAGE_STANDARD = gnu99;
				GCC_DYNAMIC_NO_PIC = NO;
				GCC_NO_COMMON_BLOCKS = YES;
				GCC_OPTIMIZATION_LEVEL = 0;
				GCC_PREPROCESSOR_DEFINITIONS = (
					"DEBUG=1",
					"$(inherited)",
				);
				GCC_WARN_64_TO_32_BIT_CONVERSION = YES;
				GCC_WARN_ABOUT_RETURN_TYPE = YES_ERROR;
				GCC_WARN_UNDECLARED_SELECTOR = YES;
				GCC_WARN_UNINITIALIZED_AUTOS = YES_AGGRESSIVE;
				GCC_WARN_UNUSED_FUNCTION = YES;
				GCC_WARN_UNUSED_VARIABLE = YES;
				IPHONEOS_DEPLOYMENT_TARGET = 10.3;
				MTL_ENABLE_DEBUG_INFO = YES;
				ONLY_ACTIVE_ARCH = YES;
				SDKROOT = iphoneos;
			};
			name = Debug;
		};
		11A8F1D61E9C3353009B7BD4 /* Release */ = {
			isa = XCBuildConfiguration;
			buildSettings = {
				ALWAYS_SEARCH_USER_PATHS = NO;
				CLANG_ANALYZER_NONNULL = YES;
				CLANG_ANALYZER_NUMBER_OBJECT_CONVERSION = YES_AGGRESSIVE;
				CLANG_CXX_LANGUAGE_STANDARD = "gnu++0x";
				CLANG_CXX_LIBRARY = "libc++";
				CLANG_ENABLE_MODULES = YES;
				CLANG_ENABLE_OBJC_ARC = YES;
				CLANG_WARN_BOOL_CONVERSION = YES;
				CLANG_WARN_CONSTANT_CONVERSION = YES;
				CLANG_WARN_DIRECT_OBJC_ISA_USAGE = YES_ERROR;
				CLANG_WARN_DOCUMENTATION_COMMENTS = YES;
				CLANG_WARN_EMPTY_BODY = YES;
				CLANG_WARN_ENUM_CONVERSION = YES;
				CLANG_WARN_INFINITE_RECURSION = YES;
				CLANG_WARN_INT_CONVERSION = YES;
				CLANG_WARN_OBJC_ROOT_CLASS = YES_ERROR;
				CLANG_WARN_SUSPICIOUS_MOVE = YES;
				CLANG_WARN_UNREACHABLE_CODE = YES;
				CLANG_WARN__DUPLICATE_METHOD_MATCH = YES;
				"CODE_SIGN_IDENTITY[sdk=iphoneos*]" = "iPhone Developer";
				COPY_PHASE_STRIP = NO;
				DEBUG_INFORMATION_FORMAT = "dwarf-with-dsym";
				ENABLE_NS_ASSERTIONS = NO;
				ENABLE_STRICT_OBJC_MSGSEND = YES;
				GCC_C_LANGUAGE_STANDARD = gnu99;
				GCC_NO_COMMON_BLOCKS = YES;
				GCC_WARN_64_TO_32_BIT_CONVERSION = YES;
				GCC_WARN_ABOUT_RETURN_TYPE = YES_ERROR;
				GCC_WARN_UNDECLARED_SELECTOR = YES;
				GCC_WARN_UNINITIALIZED_AUTOS = YES_AGGRESSIVE;
				GCC_WARN_UNUSED_FUNCTION = YES;
				GCC_WARN_UNUSED_VARIABLE = YES;
				IPHONEOS_DEPLOYMENT_TARGET = 10.3;
				MTL_ENABLE_DEBUG_INFO = NO;
				SDKROOT = iphoneos;
				VALIDATE_PRODUCT = YES;
			};
			name = Release;
		};
		11A8F1D81E9C3353009B7BD4 /* Debug */ = {
			isa = XCBuildConfiguration;
			baseConfigurationReference = 984C6CB161579CBCB24F5BE0 /* Pods-doudouapp.debug.xcconfig */;
			buildSettings = {
				ASSETCATALOG_COMPILER_APPICON_NAME = AppIcon;
				DEVELOPMENT_TEAM = 29T9RVU57K;
				INFOPLIST_FILE = doudouapp/Info.plist;
				LD_RUNPATH_SEARCH_PATHS = "$(inherited) @executable_path/Frameworks";
				PRODUCT_BUNDLE_IDENTIFIER = com.doudouapp.doudou;
				PRODUCT_NAME = "$(TARGET_NAME)";
			};
			name = Debug;
		};
		11A8F1D91E9C3353009B7BD4 /* Release */ = {
			isa = XCBuildConfiguration;
			baseConfigurationReference = 844C87F6D5F113ABD486E6D4 /* Pods-doudouapp.release.xcconfig */;
			buildSettings = {
				ASSETCATALOG_COMPILER_APPICON_NAME = AppIcon;
				DEVELOPMENT_TEAM = 29T9RVU57K;
				INFOPLIST_FILE = doudouapp/Info.plist;
				LD_RUNPATH_SEARCH_PATHS = "$(inherited) @executable_path/Frameworks";
				PRODUCT_BUNDLE_IDENTIFIER = com.doudouapp.doudou;
				PRODUCT_NAME = "$(TARGET_NAME)";
			};
			name = Release;
		};
/* End XCBuildConfiguration section */

/* Begin XCConfigurationList section */
		11A8F1B81E9C3353009B7BD4 /* Build configuration list for PBXProject "doudouapp" */ = {
			isa = XCConfigurationList;
			buildConfigurations = (
				11A8F1D51E9C3353009B7BD4 /* Debug */,
				11A8F1D61E9C3353009B7BD4 /* Release */,
			);
			defaultConfigurationIsVisible = 0;
			defaultConfigurationName = Release;
		};
		11A8F1D71E9C3353009B7BD4 /* Build configuration list for PBXNativeTarget "doudouapp" */ = {
			isa = XCConfigurationList;
			buildConfigurations = (
				11A8F1D81E9C3353009B7BD4 /* Debug */,
				11A8F1D91E9C3353009B7BD4 /* Release */,
			);
			defaultConfigurationIsVisible = 0;
			defaultConfigurationName = Release;
		};
/* End XCConfigurationList section */
	};
	rootObject = 11A8F1B51E9C3353009B7BD4 /* Project object */;
}
